{
  "version": 4,
  "terraform_version": "1.11.2",
  "serial": 8,
  "lineage": "12782e43-e2a5-42c2-fe7f-2f91da7a91cf",
  "outputs": {},
  "resources": [
    {
      "mode": "managed",
      "type": "google_compute_firewall",
      "name": "k8s_ports",
      "provider": "provider[\"registry.terraform.io/hashicorp/google\"]",
      "instances": [
        {
          "schema_version": 1,
          "attributes": {
            "allow": [
              {
                "ports": [
                  "6443",
                  "10250"
                ],
                "protocol": "tcp"
              },
              {
                "ports": [
                  "8472",
                  "4789"
                ],
                "protocol": "udp"
              }
            ],
            "creation_timestamp": "2025-05-01T21:52:29.210-07:00",
            "deny": [],
            "description": "",
            "destination_ranges": [],
            "direction": "INGRESS",
            "disabled": false,
            "enable_logging": null,
            "id": "projects/pure-wall-454723-t7/global/firewalls/k8s-cluster-ports",
            "log_config": [],
            "name": "k8s-cluster-ports",
            "network": "https://www.googleapis.com/compute/v1/projects/pure-wall-454723-t7/global/networks/default",
            "priority": 1000,
            "project": "pure-wall-454723-t7",
            "self_link": "https://www.googleapis.com/compute/v1/projects/pure-wall-454723-t7/global/firewalls/k8s-cluster-ports",
            "source_ranges": [
              "10.178.0.0/20"
            ],
            "source_service_accounts": [],
            "source_tags": [],
            "target_service_accounts": [],
            "target_tags": [
              "k8s-node"
            ],
            "timeouts": null
          },
          "sensitive_attributes": [],
          "private": "eyJlMmJmYjczMC1lY2FhLTExZTYtOGY4OC0zNDM2M2JjN2M0YzAiOnsiY3JlYXRlIjoxMjAwMDAwMDAwMDAwLCJkZWxldGUiOjEyMDAwMDAwMDAwMDAsInVwZGF0ZSI6MTIwMDAwMDAwMDAwMH0sInNjaGVtYV92ZXJzaW9uIjoiMSJ9"
        }
      ]
    },
    {
      "mode": "managed",
      "type": "google_compute_instance",
      "name": "k8s_worker",
      "provider": "provider[\"registry.terraform.io/hashicorp/google\"]",
      "instances": [
        {
          "schema_version": 6,
          "attributes": {
            "advanced_machine_features": [],
            "allow_stopping_for_update": null,
            "attached_disk": [],
            "boot_disk": [
              {
                "auto_delete": true,
                "device_name": "persistent-disk-0",
                "disk_encryption_key_raw": "",
                "disk_encryption_key_sha256": "",
                "initialize_params": [
                  {
                    "enable_confidential_compute": false,
                    "image": "https://www.googleapis.com/compute/v1/projects/ubuntu-os-cloud/global/images/ubuntu-2204-jammy-v20250430",
                    "labels": {},
                    "provisioned_iops": 0,
                    "provisioned_throughput": 0,
                    "resource_manager_tags": null,
                    "size": 50,
                    "storage_pool": "",
                    "type": "pd-standard"
                  }
                ],
                "kms_key_self_link": "",
                "mode": "READ_WRITE",
                "source": "https://www.googleapis.com/compute/v1/projects/pure-wall-454723-t7/zones/asia-northeast3-a/disks/k8s-worker-1"
              }
            ],
            "can_ip_forward": false,
            "confidential_instance_config": [],
            "cpu_platform": "Intel Broadwell",
            "current_status": "RUNNING",
            "deletion_protection": false,
            "description": "",
            "desired_status": null,
            "effective_labels": {},
            "enable_display": false,
            "guest_accelerator": [],
            "hostname": "",
            "id": "projects/pure-wall-454723-t7/zones/asia-northeast3-a/instances/k8s-worker-1",
            "instance_id": "2343862127207747332",
            "label_fingerprint": "42WmSpB8rSM=",
            "labels": null,
            "machine_type": "e2-medium",
            "metadata": {
              "ssh-keys": "ubuntu:ssh-rsa AAAAB3NzaC1yc2EAAAADAQABAAACAQDAXWMeVB88c5yi06I7yeg/m4da60tB6HT7PGAEshfHbq3rQdkjCgwCV6Mxkojprh+pISshu/NoJN3dEXqLagIoi27S4ZMN0KTx6c/E3Maa8FVPbtE95z84ToIQ+bPpXWc/5+fArs7erRDnt1vOSStmQrdlUqQdN8x7VxxTWtQAnigHxA3u4p8DzDtqDjYdZybZBfyPlRkXwICsgJOGtl3PLGX0HrCPBWRuu355cNKgj5/CEtKg+JYSdoOFEw0Wx+tnDBpKFBH7Lk685BJPxEUgCtNY6Ia5mY5ohuPvcioDUjXvcwXG1rDtGUWtEI/lPxroHJ1zzvA0CI5j9WFCmeVFahys0QJ510xMJtR5el/BOQM4DT5v5no7yql7v4JqQ6u259mEBQc/0EBR0hUGem5sduWzJyHBLl6hKAeVLF7Jg0m9tiNkNKfc7qNjAwF69gfrsAX1q4/JA+GPLOJRJY1RbA/01A07X0aN988u3/hGDYXdqcLj6Pwey0N9t/7iq1gQ44jhj7vLoYudP+B9vtwVJ/c8IMrT79CjoKdNAEAoNyfPWvIcpnCx1qyEtVOm2fTU7/hlAAhDw2FuIjlSYVfvSONWUhrrb+syuKxv0XKSe0dSFG1+XdEs2y53+3FRIOr1/aaDBolpB2CTaGgS1IGt57WVTiLVtRFnTPStlCGMKw== chano01794\n"
            },
            "metadata_fingerprint": "OlKoGKt9Nh8=",
            "metadata_startup_script": "#!/bin/bash\r\nset -euxo pipefail\r\n\r\n## 기본 시스템\r\nswapoff -a\r\nsed -i '/ swap / s/^/#/' /etc/fstab\r\n\r\napt-get update -y\r\napt-get install -y apt-transport-https ca-certificates curl gnupg lsb-release\r\n\r\n## containerd\r\ncurl -fsSL https://download.docker.com/linux/ubuntu/gpg |\r\n  gpg --dearmor -o /usr/share/keyrings/docker-archive-keyring.gpg\r\necho \"deb [arch=amd64 signed-by=/usr/share/keyrings/docker-archive-keyring.gpg] \\\r\n  https://download.docker.com/linux/ubuntu $(lsb_release -cs) stable\" \\\r\n  \u003e /etc/apt/sources.list.d/docker.list\r\napt-get update -y \u0026\u0026 apt-get install -y containerd.io\r\nmkdir -p /etc/containerd\r\ncontainerd config default \u003e /etc/containerd/config.toml\r\nsed -i 's/SystemdCgroup = false/SystemdCgroup = true/' /etc/containerd/config.toml\r\nsystemctl enable --now containerd\r\n\r\n## 커널 파라미터\r\nmodprobe overlay\r\nmodprobe br_netfilter\r\ncat \u003c\u003cEOF \u003e/etc/sysctl.d/k8s.conf\r\nnet.bridge.bridge-nf-call-iptables=1\r\nnet.bridge.bridge-nf-call-ip6tables=1\r\nnet.ipv4.ip_forward=1\r\nEOF\r\nsysctl --system\r\n\r\n## Kubernetes v1.29.x\r\nmkdir -p /etc/apt/keyrings\r\ncurl -fsSL https://pkgs.k8s.io/core:/stable:/v1.29/deb/Release.key \\\r\n  | gpg --dearmor -o /etc/apt/keyrings/kubernetes-archive-keyring.gpg\r\necho \"deb [signed-by=/etc/apt/keyrings/kubernetes-archive-keyring.gpg] \\\r\n  https://pkgs.k8s.io/core:/stable:/v1.29/deb/ /\" \\\r\n  \u003e /etc/apt/sources.list.d/kubernetes.list\r\napt-get update -y\r\napt-get install -y kubelet=1.29.*-1.1 \\\r\n                   kubeadm=1.29.*-1.1 \\\r\n                   kubectl=1.29.*-1.1\r\napt-mark hold kubelet kubeadm kubectl\r\nsystemctl enable --now kubelet\r\n# 클러스터에 워커 노드 조인\r\nkubeadm join k12b107.p.ssafy.io:6443 --token d9vc3d.tfqvbkswa90sa183 --discovery-token-ca-cert-hash sha256:42577587792472850a6f1511c81480b06d14803b3d78322c853d44edd0b9ef4c\r\n",
            "min_cpu_platform": "",
            "name": "k8s-worker-1",
            "network_interface": [
              {
                "access_config": [
                  {
                    "nat_ip": "34.64.90.23",
                    "network_tier": "PREMIUM",
                    "public_ptr_domain_name": ""
                  }
                ],
                "alias_ip_range": [],
                "internal_ipv6_prefix_length": 0,
                "ipv6_access_config": [],
                "ipv6_access_type": "",
                "ipv6_address": "",
                "name": "nic0",
                "network": "https://www.googleapis.com/compute/v1/projects/pure-wall-454723-t7/global/networks/default",
                "network_ip": "10.178.0.13",
                "nic_type": "",
                "queue_count": 0,
                "stack_type": "IPV4_ONLY",
                "subnetwork": "https://www.googleapis.com/compute/v1/projects/pure-wall-454723-t7/regions/asia-northeast3/subnetworks/default",
                "subnetwork_project": "pure-wall-454723-t7"
              }
            ],
            "network_performance_config": [],
            "params": [],
            "project": "pure-wall-454723-t7",
            "reservation_affinity": [],
            "resource_policies": null,
            "scheduling": [
              {
                "automatic_restart": true,
                "instance_termination_action": "",
                "local_ssd_recovery_timeout": [],
                "max_run_duration": [],
                "min_node_cpus": 0,
                "node_affinities": [],
                "on_host_maintenance": "MIGRATE",
                "on_instance_stop_action": [],
                "preemptible": false,
                "provisioning_model": "STANDARD"
              }
            ],
            "scratch_disk": [],
            "self_link": "https://www.googleapis.com/compute/v1/projects/pure-wall-454723-t7/zones/asia-northeast3-a/instances/k8s-worker-1",
            "service_account": [],
            "shielded_instance_config": [
              {
                "enable_integrity_monitoring": true,
                "enable_secure_boot": false,
                "enable_vtpm": true
              }
            ],
            "tags": [
              "k8s-node"
            ],
            "tags_fingerprint": "PMlaEWobTyo=",
            "terraform_labels": {},
            "timeouts": null,
            "zone": "asia-northeast3-a"
          },
          "sensitive_attributes": [
            [
              {
                "type": "get_attr",
                "value": "boot_disk"
              },
              {
                "type": "index",
                "value": {
                  "value": 0,
                  "type": "number"
                }
              },
              {
                "type": "get_attr",
                "value": "disk_encryption_key_raw"
              }
            ]
          ],
          "private": "eyJlMmJmYjczMC1lY2FhLTExZTYtOGY4OC0zNDM2M2JjN2M0YzAiOnsiY3JlYXRlIjoxMjAwMDAwMDAwMDAwLCJkZWxldGUiOjEyMDAwMDAwMDAwMDAsInVwZGF0ZSI6MTIwMDAwMDAwMDAwMH0sInNjaGVtYV92ZXJzaW9uIjoiNiJ9"
        }
      ]
    }
  ],
  "check_results": null
}
